
Microsoft Visual Studio Solution File, Format Version 12.00
# Visual Studio Version 17
VisualStudioVersion = 17.1.32407.343
MinimumVisualStudioVersion = 10.0.40219.1
Project("{FAE04EC0-301F-11D3-BF4B-00C04F79EFBC}") = "stroevkaI", "stroevkaI\stroevkaI.csproj", "{3A489A7C-7FAB-4F62-BB48-438DB11AA51F}"
EndProject
Project("{FAE04EC0-301F-11D3-BF4B-00C04F79EFBC}") = "StorageI", "StorageI\StorageI.csproj", "{372FC5D2-3AF8-49A8-A0BE-4827755361BA}"
EndProject
Project("{2150E333-8FDC-42A3-9474-1A3956D46DE8}") = "Solution Items", "Solution Items", "{DAB92301-ECD2-486F-94CD-3DD11A53ED2F}"
	ProjectSection(SolutionItems) = preProject
		HowTo.txt = HowTo.txt
	EndProjectSection
EndProject
Global
	GlobalSection(SolutionConfigurationPlatforms) = preSolution
		Debug|Any CPU = Debug|Any CPU
		Release|Any CPU = Release|Any CPU
	EndGlobalSection
	GlobalSection(ProjectConfigurationPlatforms) = postSolution
		{3A489A7C-7FAB-4F62-BB48-438DB11AA51F}.Debug|Any CPU.ActiveCfg = Debug|Any CPU
		{3A489A7C-7FAB-4F62-BB48-438DB11AA51F}.Debug|Any CPU.Build.0 = Debug|Any CPU
		{3A489A7C-7FAB-4F62-BB48-438DB11AA51F}.Release|Any CPU.ActiveCfg = Release|Any CPU
		{3A489A7C-7FAB-4F62-BB48-438DB11AA51F}.Release|Any CPU.Build.0 = Release|Any CPU
		{372FC5D2-3AF8-49A8-A0BE-4827755361BA}.Debug|Any CPU.ActiveCfg = Debug|Any CPU
		{372FC5D2-3AF8-49A8-A0BE-4827755361BA}.Debug|Any CPU.Build.0 = Debug|Any CPU
		{372FC5D2-3AF8-49A8-A0BE-4827755361BA}.Release|Any CPU.ActiveCfg = Release|Any CPU
		{372FC5D2-3AF8-49A8-A0BE-4827755361BA}.Release|Any CPU.Build.0 = Release|Any CPU
	EndGlobalSection
	GlobalSection(SolutionProperties) = preSolution
		HideSolutionNode = FALSE
	EndGlobalSection
	GlobalSection(ExtensibilityGlobals) = postSolution
		SolutionGuid = {02C72391-582C-4320-85EF-B018A236ACBC}
	EndGlobalSection
EndGlobal
